
Microsoft Visual Studio Solution File, Format Version 12.00
# Visual Studio 15
VisualStudioVersion = 15.0.28307.136
MinimumVisualStudioVersion = 10.0.40219.1
Project("{FAE04EC0-301F-11D3-BF4B-00C04F79EFBC}") = "NorthwindTraders.Core", "NorthwindTraders.Core\NorthwindTraders.Core.csproj", "{5215207E-E5D8-4DE6-9959-3B6BFAB07263}"
EndProject
Project("{FAE04EC0-301F-11D3-BF4B-00C04F79EFBC}") = "NorthwindTraders.Tests", "NorthwindTraders.Tests\NorthwindTraders.Tests.csproj", "{65B72D2C-9689-4A8F-8BD2-265603AC8FA6}"
EndProject
Project("{FAE04EC0-301F-11D3-BF4B-00C04F79EFBC}") = "NorthwindTraders.Core.Entity", "NorthwindTraders.Core.Entity\NorthwindTraders.Core.Entity.csproj", "{F6DD4144-BFD9-4F16-B2E9-A3409CF07D76}"
EndProject
Project("{2150E333-8FDC-42A3-9474-1A3956D46DE8}") = "Core", "Core", "{84EF2939-BD07-424F-9410-AB535B029807}"
EndProject
Project("{2150E333-8FDC-42A3-9474-1A3956D46DE8}") = "Infrastructure", "Infrastructure", "{0452C037-4F61-4293-B4FC-436D14A2D86F}"
EndProject
Project("{2150E333-8FDC-42A3-9474-1A3956D46DE8}") = "UI", "UI", "{1CBF7FB7-6BE3-4519-A30E-AFD3E15CCF0F}"
EndProject
Global
	GlobalSection(SolutionConfigurationPlatforms) = preSolution
		Debug|Any CPU = Debug|Any CPU
		Release|Any CPU = Release|Any CPU
	EndGlobalSection
	GlobalSection(ProjectConfigurationPlatforms) = postSolution
		{5215207E-E5D8-4DE6-9959-3B6BFAB07263}.Debug|Any CPU.ActiveCfg = Debug|Any CPU
		{5215207E-E5D8-4DE6-9959-3B6BFAB07263}.Debug|Any CPU.Build.0 = Debug|Any CPU
		{5215207E-E5D8-4DE6-9959-3B6BFAB07263}.Release|Any CPU.ActiveCfg = Release|Any CPU
		{5215207E-E5D8-4DE6-9959-3B6BFAB07263}.Release|Any CPU.Build.0 = Release|Any CPU
		{65B72D2C-9689-4A8F-8BD2-265603AC8FA6}.Debug|Any CPU.ActiveCfg = Debug|Any CPU
		{65B72D2C-9689-4A8F-8BD2-265603AC8FA6}.Debug|Any CPU.Build.0 = Debug|Any CPU
		{65B72D2C-9689-4A8F-8BD2-265603AC8FA6}.Release|Any CPU.ActiveCfg = Release|Any CPU
		{65B72D2C-9689-4A8F-8BD2-265603AC8FA6}.Release|Any CPU.Build.0 = Release|Any CPU
		{F6DD4144-BFD9-4F16-B2E9-A3409CF07D76}.Debug|Any CPU.ActiveCfg = Debug|Any CPU
		{F6DD4144-BFD9-4F16-B2E9-A3409CF07D76}.Debug|Any CPU.Build.0 = Debug|Any CPU
		{F6DD4144-BFD9-4F16-B2E9-A3409CF07D76}.Release|Any CPU.ActiveCfg = Release|Any CPU
		{F6DD4144-BFD9-4F16-B2E9-A3409CF07D76}.Release|Any CPU.Build.0 = Release|Any CPU
	EndGlobalSection
	GlobalSection(SolutionProperties) = preSolution
		HideSolutionNode = FALSE
	EndGlobalSection
	GlobalSection(NestedProjects) = preSolution
		{5215207E-E5D8-4DE6-9959-3B6BFAB07263} = {84EF2939-BD07-424F-9410-AB535B029807}
		{F6DD4144-BFD9-4F16-B2E9-A3409CF07D76} = {84EF2939-BD07-424F-9410-AB535B029807}
	EndGlobalSection
	GlobalSection(ExtensibilityGlobals) = postSolution
		SolutionGuid = {E9780A11-375B-4DC1-ABED-D9286ACA1571}
	EndGlobalSection
EndGlobal
